
Microsoft Visual Studio Solution File, Format Version 12.00
# Visual Studio Version 17
VisualStudioVersion = 17.14.36408.4
MinimumVisualStudioVersion = 10.0.40219.1
Project("{FAE04EC0-301F-11D3-BF4B-00C04F79EFBC}") = "MCTwinStudio", "MCTwinStudio.csproj", "{1C6AAF47-09B6-B85E-32DA-D955C0597D24}"
EndProject
Project("{FAE04EC0-301F-11D3-BF4B-00C04F79EFBC}") = "MCTwin.Shared", "MCTwin.Shared\MCTwin.Shared.csproj", "{4CEE0EB9-1AB8-4A2A-B8D3-2AB127652C77}"
EndProject
Project("{FAE04EC0-301F-11D3-BF4B-00C04F79EFBC}") = "MCTwin.Engine.WinForms", "MCTwin.Engine.WinForms\MCTwin.Engine.WinForms.csproj", "{61EAD712-D61B-4A6F-A063-66B083E67884}"
EndProject
Project("{FAE04EC0-301F-11D3-BF4B-00C04F79EFBC}") = "MCTwin.Web", "MCTwin.Web\MCTwin.Web.csproj", "{054B4AEF-D6C3-486E-BE5A-EC8FB767E020}"
EndProject
Project("{FAE04EC0-301F-11D3-BF4B-00C04F79EFBC}") = "StarWarsSimulator", "StarWarsSimulator\StarWarsSimulator.csproj", "{3DF76EB3-8EA9-4959-83EF-52BE64B9A3ED}"
EndProject
Project("{FAE04EC0-301F-11D3-BF4B-00C04F79EFBC}") = "HothSimulator", "HothSimulator\HothSimulator.csproj", "{FD5C4278-58E2-4716-82A5-EC1EEC5ED6D2}"
EndProject
Project("{FAE04EC0-301F-11D3-BF4B-00C04F79EFBC}") = "CantinaSimulator", "CantinaSimulator\CantinaSimulator.csproj", "{2160CF10-C498-4B54-867D-27BCB2BB780A}"
EndProject
Project("{FAE04EC0-301F-11D3-BF4B-00C04F79EFBC}") = "DungeonCrawler", "DungeonCrawler\DungeonCrawler.csproj", "{56644B66-B347-41BE-9A9C-A2A6113D4213}"
EndProject
Project("{FAE04EC0-301F-11D3-BF4B-00C04F79EFBC}") = "CityBuilder", "CityBuilder\CityBuilder.csproj", "{D63E4555-741E-40BF-B393-F02F3BB234EA}"
EndProject
Project("{2150E333-8FDC-42A3-9474-1A3956D46DE8}") = "InventoryTwin", "InventoryTwin", "{A448A018-05F6-3DC2-590F-03434B2FB817}"
EndProject
Project("{FAE04EC0-301F-11D3-BF4B-00C04F79EFBC}") = "InventoryServer", "InventoryTwin\InventoryServer\InventoryServer.csproj", "{AE3C9B04-0394-4331-A826-0DDB4E780F20}"
EndProject
Project("{FAE04EC0-301F-11D3-BF4B-00C04F79EFBC}") = "InventoryClient", "InventoryTwin\InventoryClient\InventoryClient.csproj", "{B4873321-8696-4878-A3AD-4D9B8DE8890A}"
EndProject
Project("{2150E333-8FDC-42A3-9474-1A3956D46DE8}") = "SalesProcessingTwin", "SalesProcessingTwin", "{BC975CFB-ABB8-60FF-2F68-18ECDE2DB1A1}"
EndProject
Project("{FAE04EC0-301F-11D3-BF4B-00C04F79EFBC}") = "SalesServer", "SalesProcessingTwin\SalesServer\SalesServer.csproj", "{1F092BFD-68D4-4A96-A824-7ADAAFCAABF4}"
EndProject
Project("{FAE04EC0-301F-11D3-BF4B-00C04F79EFBC}") = "SalesClient", "SalesProcessingTwin\SalesClient\SalesClient.csproj", "{DF025A88-B6FD-4808-BE04-8298EE885B68}"
EndProject
Project("{FAE04EC0-301F-11D3-BF4B-00C04F79EFBC}") = "SalesPOS", "SalesProcessingTwin\SalesPOS\SalesPOS.csproj", "{A5E2EF26-8C96-4FF9-BCF6-93D4C4576368}"
EndProject
Project("{FAE04EC0-301F-11D3-BF4B-00C04F79EFBC}") = "DaytonaSimulator", "DaytonaSimulator\DaytonaSimulator.csproj", "{CCE87BC4-8E91-46D1-ADDE-7167E8A91602}"
EndProject
Global
	GlobalSection(SolutionConfigurationPlatforms) = preSolution
		Debug|Any CPU = Debug|Any CPU
		Debug|x64 = Debug|x64
		Debug|x86 = Debug|x86
		Release|Any CPU = Release|Any CPU
		Release|x64 = Release|x64
		Release|x86 = Release|x86
	EndGlobalSection
	GlobalSection(ProjectConfigurationPlatforms) = postSolution
		{1C6AAF47-09B6-B85E-32DA-D955C0597D24}.Debug|Any CPU.ActiveCfg = Debug|Any CPU
		{1C6AAF47-09B6-B85E-32DA-D955C0597D24}.Debug|Any CPU.Build.0 = Debug|Any CPU
		{1C6AAF47-09B6-B85E-32DA-D955C0597D24}.Debug|x64.ActiveCfg = Debug|Any CPU
		{1C6AAF47-09B6-B85E-32DA-D955C0597D24}.Debug|x64.Build.0 = Debug|Any CPU
		{1C6AAF47-09B6-B85E-32DA-D955C0597D24}.Debug|x86.ActiveCfg = Debug|Any CPU
		{1C6AAF47-09B6-B85E-32DA-D955C0597D24}.Debug|x86.Build.0 = Debug|Any CPU
		{1C6AAF47-09B6-B85E-32DA-D955C0597D24}.Release|Any CPU.ActiveCfg = Release|Any CPU
		{1C6AAF47-09B6-B85E-32DA-D955C0597D24}.Release|Any CPU.Build.0 = Release|Any CPU
		{1C6AAF47-09B6-B85E-32DA-D955C0597D24}.Release|x64.ActiveCfg = Release|Any CPU
		{1C6AAF47-09B6-B85E-32DA-D955C0597D24}.Release|x64.Build.0 = Release|Any CPU
		{1C6AAF47-09B6-B85E-32DA-D955C0597D24}.Release|x86.ActiveCfg = Release|Any CPU
		{1C6AAF47-09B6-B85E-32DA-D955C0597D24}.Release|x86.Build.0 = Release|Any CPU
		{4CEE0EB9-1AB8-4A2A-B8D3-2AB127652C77}.Debug|Any CPU.ActiveCfg = Debug|Any CPU
		{4CEE0EB9-1AB8-4A2A-B8D3-2AB127652C77}.Debug|Any CPU.Build.0 = Debug|Any CPU
		{4CEE0EB9-1AB8-4A2A-B8D3-2AB127652C77}.Debug|x64.ActiveCfg = Debug|Any CPU
		{4CEE0EB9-1AB8-4A2A-B8D3-2AB127652C77}.Debug|x64.Build.0 = Debug|Any CPU
		{4CEE0EB9-1AB8-4A2A-B8D3-2AB127652C77}.Debug|x86.ActiveCfg = Debug|Any CPU
		{4CEE0EB9-1AB8-4A2A-B8D3-2AB127652C77}.Debug|x86.Build.0 = Debug|Any CPU
		{4CEE0EB9-1AB8-4A2A-B8D3-2AB127652C77}.Release|Any CPU.ActiveCfg = Release|Any CPU
		{4CEE0EB9-1AB8-4A2A-B8D3-2AB127652C77}.Release|Any CPU.Build.0 = Release|Any CPU
		{4CEE0EB9-1AB8-4A2A-B8D3-2AB127652C77}.Release|x64.ActiveCfg = Release|Any CPU
		{4CEE0EB9-1AB8-4A2A-B8D3-2AB127652C77}.Release|x64.Build.0 = Release|Any CPU
		{4CEE0EB9-1AB8-4A2A-B8D3-2AB127652C77}.Release|x86.ActiveCfg = Release|Any CPU
		{4CEE0EB9-1AB8-4A2A-B8D3-2AB127652C77}.Release|x86.Build.0 = Release|Any CPU
		{61EAD712-D61B-4A6F-A063-66B083E67884}.Debug|Any CPU.ActiveCfg = Debug|Any CPU
		{61EAD712-D61B-4A6F-A063-66B083E67884}.Debug|Any CPU.Build.0 = Debug|Any CPU
		{61EAD712-D61B-4A6F-A063-66B083E67884}.Debug|x64.ActiveCfg = Debug|Any CPU
		{61EAD712-D61B-4A6F-A063-66B083E67884}.Debug|x64.Build.0 = Debug|Any CPU
		{61EAD712-D61B-4A6F-A063-66B083E67884}.Debug|x86.ActiveCfg = Debug|Any CPU
		{61EAD712-D61B-4A6F-A063-66B083E67884}.Debug|x86.Build.0 = Debug|Any CPU
		{61EAD712-D61B-4A6F-A063-66B083E67884}.Release|Any CPU.ActiveCfg = Release|Any CPU
		{61EAD712-D61B-4A6F-A063-66B083E67884}.Release|Any CPU.Build.0 = Release|Any CPU
		{61EAD712-D61B-4A6F-A063-66B083E67884}.Release|x64.ActiveCfg = Release|Any CPU
		{61EAD712-D61B-4A6F-A063-66B083E67884}.Release|x64.Build.0 = Release|Any CPU
		{61EAD712-D61B-4A6F-A063-66B083E67884}.Release|x86.ActiveCfg = Release|Any CPU
		{61EAD712-D61B-4A6F-A063-66B083E67884}.Release|x86.Build.0 = Release|Any CPU
		{054B4AEF-D6C3-486E-BE5A-EC8FB767E020}.Debug|Any CPU.ActiveCfg = Debug|Any CPU
		{054B4AEF-D6C3-486E-BE5A-EC8FB767E020}.Debug|Any CPU.Build.0 = Debug|Any CPU
		{054B4AEF-D6C3-486E-BE5A-EC8FB767E020}.Debug|x64.ActiveCfg = Debug|Any CPU
		{054B4AEF-D6C3-486E-BE5A-EC8FB767E020}.Debug|x64.Build.0 = Debug|Any CPU
		{054B4AEF-D6C3-486E-BE5A-EC8FB767E020}.Debug|x86.ActiveCfg = Debug|Any CPU
		{054B4AEF-D6C3-486E-BE5A-EC8FB767E020}.Debug|x86.Build.0 = Debug|Any CPU
		{054B4AEF-D6C3-486E-BE5A-EC8FB767E020}.Release|Any CPU.ActiveCfg = Release|Any CPU
		{054B4AEF-D6C3-486E-BE5A-EC8FB767E020}.Release|Any CPU.Build.0 = Release|Any CPU
		{054B4AEF-D6C3-486E-BE5A-EC8FB767E020}.Release|x64.ActiveCfg = Release|Any CPU
		{054B4AEF-D6C3-486E-BE5A-EC8FB767E020}.Release|x64.Build.0 = Release|Any CPU
		{054B4AEF-D6C3-486E-BE5A-EC8FB767E020}.Release|x86.ActiveCfg = Release|Any CPU
		{054B4AEF-D6C3-486E-BE5A-EC8FB767E020}.Release|x86.Build.0 = Release|Any CPU
		{3DF76EB3-8EA9-4959-83EF-52BE64B9A3ED}.Debug|Any CPU.ActiveCfg = Debug|Any CPU
		{3DF76EB3-8EA9-4959-83EF-52BE64B9A3ED}.Debug|Any CPU.Build.0 = Debug|Any CPU
		{3DF76EB3-8EA9-4959-83EF-52BE64B9A3ED}.Debug|x64.ActiveCfg = Debug|Any CPU
		{3DF76EB3-8EA9-4959-83EF-52BE64B9A3ED}.Debug|x64.Build.0 = Debug|Any CPU
		{3DF76EB3-8EA9-4959-83EF-52BE64B9A3ED}.Debug|x86.ActiveCfg = Debug|Any CPU
		{3DF76EB3-8EA9-4959-83EF-52BE64B9A3ED}.Debug|x86.Build.0 = Debug|Any CPU
		{3DF76EB3-8EA9-4959-83EF-52BE64B9A3ED}.Release|Any CPU.ActiveCfg = Release|Any CPU
		{3DF76EB3-8EA9-4959-83EF-52BE64B9A3ED}.Release|Any CPU.Build.0 = Release|Any CPU
		{3DF76EB3-8EA9-4959-83EF-52BE64B9A3ED}.Release|x64.ActiveCfg = Release|Any CPU
		{3DF76EB3-8EA9-4959-83EF-52BE64B9A3ED}.Release|x64.Build.0 = Release|Any CPU
		{3DF76EB3-8EA9-4959-83EF-52BE64B9A3ED}.Release|x86.ActiveCfg = Release|Any CPU
		{3DF76EB3-8EA9-4959-83EF-52BE64B9A3ED}.Release|x86.Build.0 = Release|Any CPU
		{FD5C4278-58E2-4716-82A5-EC1EEC5ED6D2}.Debug|Any CPU.ActiveCfg = Debug|Any CPU
		{FD5C4278-58E2-4716-82A5-EC1EEC5ED6D2}.Debug|Any CPU.Build.0 = Debug|Any CPU
		{FD5C4278-58E2-4716-82A5-EC1EEC5ED6D2}.Debug|x64.ActiveCfg = Debug|Any CPU
		{FD5C4278-58E2-4716-82A5-EC1EEC5ED6D2}.Debug|x64.Build.0 = Debug|Any CPU
		{FD5C4278-58E2-4716-82A5-EC1EEC5ED6D2}.Debug|x86.ActiveCfg = Debug|Any CPU
		{FD5C4278-58E2-4716-82A5-EC1EEC5ED6D2}.Debug|x86.Build.0 = Debug|Any CPU
		{FD5C4278-58E2-4716-82A5-EC1EEC5ED6D2}.Release|Any CPU.ActiveCfg = Release|Any CPU
		{FD5C4278-58E2-4716-82A5-EC1EEC5ED6D2}.Release|Any CPU.Build.0 = Release|Any CPU
		{FD5C4278-58E2-4716-82A5-EC1EEC5ED6D2}.Release|x64.ActiveCfg = Release|Any CPU
		{FD5C4278-58E2-4716-82A5-EC1EEC5ED6D2}.Release|x64.Build.0 = Release|Any CPU
		{FD5C4278-58E2-4716-82A5-EC1EEC5ED6D2}.Release|x86.ActiveCfg = Release|Any CPU
		{FD5C4278-58E2-4716-82A5-EC1EEC5ED6D2}.Release|x86.Build.0 = Release|Any CPU
		{2160CF10-C498-4B54-867D-27BCB2BB780A}.Debug|Any CPU.ActiveCfg = Debug|Any CPU
		{2160CF10-C498-4B54-867D-27BCB2BB780A}.Debug|Any CPU.Build.0 = Debug|Any CPU
		{2160CF10-C498-4B54-867D-27BCB2BB780A}.Debug|x64.ActiveCfg = Debug|Any CPU
		{2160CF10-C498-4B54-867D-27BCB2BB780A}.Debug|x64.Build.0 = Debug|Any CPU
		{2160CF10-C498-4B54-867D-27BCB2BB780A}.Debug|x86.ActiveCfg = Debug|Any CPU
		{2160CF10-C498-4B54-867D-27BCB2BB780A}.Debug|x86.Build.0 = Debug|Any CPU
		{2160CF10-C498-4B54-867D-27BCB2BB780A}.Release|Any CPU.ActiveCfg = Release|Any CPU
		{2160CF10-C498-4B54-867D-27BCB2BB780A}.Release|Any CPU.Build.0 = Release|Any CPU
		{2160CF10-C498-4B54-867D-27BCB2BB780A}.Release|x64.ActiveCfg = Release|Any CPU
		{2160CF10-C498-4B54-867D-27BCB2BB780A}.Release|x64.Build.0 = Release|Any CPU
		{2160CF10-C498-4B54-867D-27BCB2BB780A}.Release|x86.ActiveCfg = Release|Any CPU
		{2160CF10-C498-4B54-867D-27BCB2BB780A}.Release|x86.Build.0 = Release|Any CPU
		{56644B66-B347-41BE-9A9C-A2A6113D4213}.Debug|Any CPU.ActiveCfg = Debug|Any CPU
		{56644B66-B347-41BE-9A9C-A2A6113D4213}.Debug|Any CPU.Build.0 = Debug|Any CPU
		{56644B66-B347-41BE-9A9C-A2A6113D4213}.Debug|x64.ActiveCfg = Debug|Any CPU
		{56644B66-B347-41BE-9A9C-A2A6113D4213}.Debug|x64.Build.0 = Debug|Any CPU
		{56644B66-B347-41BE-9A9C-A2A6113D4213}.Debug|x86.ActiveCfg = Debug|Any CPU
		{56644B66-B347-41BE-9A9C-A2A6113D4213}.Debug|x86.Build.0 = Debug|Any CPU
		{56644B66-B347-41BE-9A9C-A2A6113D4213}.Release|Any CPU.ActiveCfg = Release|Any CPU
		{56644B66-B347-41BE-9A9C-A2A6113D4213}.Release|Any CPU.Build.0 = Release|Any CPU
		{56644B66-B347-41BE-9A9C-A2A6113D4213}.Release|x64.ActiveCfg = Release|Any CPU
		{56644B66-B347-41BE-9A9C-A2A6113D4213}.Release|x64.Build.0 = Release|Any CPU
		{56644B66-B347-41BE-9A9C-A2A6113D4213}.Release|x86.ActiveCfg = Release|Any CPU
		{56644B66-B347-41BE-9A9C-A2A6113D4213}.Release|x86.Build.0 = Release|Any CPU
		{D63E4555-741E-40BF-B393-F02F3BB234EA}.Debug|Any CPU.ActiveCfg = Debug|Any CPU
		{D63E4555-741E-40BF-B393-F02F3BB234EA}.Debug|Any CPU.Build.0 = Debug|Any CPU
		{D63E4555-741E-40BF-B393-F02F3BB234EA}.Debug|x64.ActiveCfg = Debug|Any CPU
		{D63E4555-741E-40BF-B393-F02F3BB234EA}.Debug|x64.Build.0 = Debug|Any CPU
		{D63E4555-741E-40BF-B393-F02F3BB234EA}.Debug|x86.ActiveCfg = Debug|Any CPU
		{D63E4555-741E-40BF-B393-F02F3BB234EA}.Debug|x86.Build.0 = Debug|Any CPU
		{D63E4555-741E-40BF-B393-F02F3BB234EA}.Release|Any CPU.ActiveCfg = Release|Any CPU
		{D63E4555-741E-40BF-B393-F02F3BB234EA}.Release|Any CPU.Build.0 = Release|Any CPU
		{D63E4555-741E-40BF-B393-F02F3BB234EA}.Release|x64.ActiveCfg = Release|Any CPU
		{D63E4555-741E-40BF-B393-F02F3BB234EA}.Release|x64.Build.0 = Release|Any CPU
		{D63E4555-741E-40BF-B393-F02F3BB234EA}.Release|x86.ActiveCfg = Release|Any CPU
		{D63E4555-741E-40BF-B393-F02F3BB234EA}.Release|x86.Build.0 = Release|Any CPU
		{AE3C9B04-0394-4331-A826-0DDB4E780F20}.Debug|Any CPU.ActiveCfg = Debug|Any CPU
		{AE3C9B04-0394-4331-A826-0DDB4E780F20}.Debug|Any CPU.Build.0 = Debug|Any CPU
		{AE3C9B04-0394-4331-A826-0DDB4E780F20}.Debug|x64.ActiveCfg = Debug|Any CPU
		{AE3C9B04-0394-4331-A826-0DDB4E780F20}.Debug|x64.Build.0 = Debug|Any CPU
		{AE3C9B04-0394-4331-A826-0DDB4E780F20}.Debug|x86.ActiveCfg = Debug|Any CPU
		{AE3C9B04-0394-4331-A826-0DDB4E780F20}.Debug|x86.Build.0 = Debug|Any CPU
		{AE3C9B04-0394-4331-A826-0DDB4E780F20}.Release|Any CPU.ActiveCfg = Release|Any CPU
		{AE3C9B04-0394-4331-A826-0DDB4E780F20}.Release|Any CPU.Build.0 = Release|Any CPU
		{AE3C9B04-0394-4331-A826-0DDB4E780F20}.Release|x64.ActiveCfg = Release|Any CPU
		{AE3C9B04-0394-4331-A826-0DDB4E780F20}.Release|x64.Build.0 = Release|Any CPU
		{AE3C9B04-0394-4331-A826-0DDB4E780F20}.Release|x86.ActiveCfg = Release|Any CPU
		{AE3C9B04-0394-4331-A826-0DDB4E780F20}.Release|x86.Build.0 = Release|Any CPU
		{B4873321-8696-4878-A3AD-4D9B8DE8890A}.Debug|Any CPU.ActiveCfg = Debug|Any CPU
		{B4873321-8696-4878-A3AD-4D9B8DE8890A}.Debug|Any CPU.Build.0 = Debug|Any CPU
		{B4873321-8696-4878-A3AD-4D9B8DE8890A}.Debug|x64.ActiveCfg = Debug|Any CPU
		{B4873321-8696-4878-A3AD-4D9B8DE8890A}.Debug|x64.Build.0 = Debug|Any CPU
		{B4873321-8696-4878-A3AD-4D9B8DE8890A}.Debug|x86.ActiveCfg = Debug|Any CPU
		{B4873321-8696-4878-A3AD-4D9B8DE8890A}.Debug|x86.Build.0 = Debug|Any CPU
		{B4873321-8696-4878-A3AD-4D9B8DE8890A}.Release|Any CPU.ActiveCfg = Release|Any CPU
		{B4873321-8696-4878-A3AD-4D9B8DE8890A}.Release|Any CPU.Build.0 = Release|Any CPU
		{B4873321-8696-4878-A3AD-4D9B8DE8890A}.Release|x64.ActiveCfg = Release|Any CPU
		{B4873321-8696-4878-A3AD-4D9B8DE8890A}.Release|x64.Build.0 = Release|Any CPU
		{B4873321-8696-4878-A3AD-4D9B8DE8890A}.Release|x86.ActiveCfg = Release|Any CPU
		{B4873321-8696-4878-A3AD-4D9B8DE8890A}.Release|x86.Build.0 = Release|Any CPU
		{1F092BFD-68D4-4A96-A824-7ADAAFCAABF4}.Debug|Any CPU.ActiveCfg = Debug|Any CPU
		{1F092BFD-68D4-4A96-A824-7ADAAFCAABF4}.Debug|Any CPU.Build.0 = Debug|Any CPU
		{1F092BFD-68D4-4A96-A824-7ADAAFCAABF4}.Debug|x64.ActiveCfg = Debug|Any CPU
		{1F092BFD-68D4-4A96-A824-7ADAAFCAABF4}.Debug|x64.Build.0 = Debug|Any CPU
		{1F092BFD-68D4-4A96-A824-7ADAAFCAABF4}.Debug|x86.ActiveCfg = Debug|Any CPU
		{1F092BFD-68D4-4A96-A824-7ADAAFCAABF4}.Debug|x86.Build.0 = Debug|Any CPU
		{1F092BFD-68D4-4A96-A824-7ADAAFCAABF4}.Release|Any CPU.ActiveCfg = Release|Any CPU
		{1F092BFD-68D4-4A96-A824-7ADAAFCAABF4}.Release|Any CPU.Build.0 = Release|Any CPU
		{1F092BFD-68D4-4A96-A824-7ADAAFCAABF4}.Release|x64.ActiveCfg = Release|Any CPU
		{1F092BFD-68D4-4A96-A824-7ADAAFCAABF4}.Release|x64.Build.0 = Release|Any CPU
		{1F092BFD-68D4-4A96-A824-7ADAAFCAABF4}.Release|x86.ActiveCfg = Release|Any CPU
		{1F092BFD-68D4-4A96-A824-7ADAAFCAABF4}.Release|x86.Build.0 = Release|Any CPU
		{DF025A88-B6FD-4808-BE04-8298EE885B68}.Debug|Any CPU.ActiveCfg = Debug|Any CPU
		{DF025A88-B6FD-4808-BE04-8298EE885B68}.Debug|Any CPU.Build.0 = Debug|Any CPU
		{DF025A88-B6FD-4808-BE04-8298EE885B68}.Debug|x64.ActiveCfg = Debug|Any CPU
		{DF025A88-B6FD-4808-BE04-8298EE885B68}.Debug|x64.Build.0 = Debug|Any CPU
		{DF025A88-B6FD-4808-BE04-8298EE885B68}.Debug|x86.ActiveCfg = Debug|Any CPU
		{DF025A88-B6FD-4808-BE04-8298EE885B68}.Debug|x86.Build.0 = Debug|Any CPU
		{DF025A88-B6FD-4808-BE04-8298EE885B68}.Release|Any CPU.ActiveCfg = Release|Any CPU
		{DF025A88-B6FD-4808-BE04-8298EE885B68}.Release|Any CPU.Build.0 = Release|Any CPU
		{DF025A88-B6FD-4808-BE04-8298EE885B68}.Release|x64.ActiveCfg = Release|Any CPU
		{DF025A88-B6FD-4808-BE04-8298EE885B68}.Release|x64.Build.0 = Release|Any CPU
		{DF025A88-B6FD-4808-BE04-8298EE885B68}.Release|x86.ActiveCfg = Release|Any CPU
		{DF025A88-B6FD-4808-BE04-8298EE885B68}.Release|x86.Build.0 = Release|Any CPU
		{A5E2EF26-8C96-4FF9-BCF6-93D4C4576368}.Debug|Any CPU.ActiveCfg = Debug|Any CPU
		{A5E2EF26-8C96-4FF9-BCF6-93D4C4576368}.Debug|Any CPU.Build.0 = Debug|Any CPU
		{A5E2EF26-8C96-4FF9-BCF6-93D4C4576368}.Debug|x64.ActiveCfg = Debug|Any CPU
		{A5E2EF26-8C96-4FF9-BCF6-93D4C4576368}.Debug|x64.Build.0 = Debug|Any CPU
		{A5E2EF26-8C96-4FF9-BCF6-93D4C4576368}.Debug|x86.ActiveCfg = Debug|Any CPU
		{A5E2EF26-8C96-4FF9-BCF6-93D4C4576368}.Debug|x86.Build.0 = Debug|Any CPU
		{A5E2EF26-8C96-4FF9-BCF6-93D4C4576368}.Release|Any CPU.ActiveCfg = Release|Any CPU
		{A5E2EF26-8C96-4FF9-BCF6-93D4C4576368}.Release|Any CPU.Build.0 = Release|Any CPU
		{A5E2EF26-8C96-4FF9-BCF6-93D4C4576368}.Release|x64.ActiveCfg = Release|Any CPU
		{A5E2EF26-8C96-4FF9-BCF6-93D4C4576368}.Release|x64.Build.0 = Release|Any CPU
		{A5E2EF26-8C96-4FF9-BCF6-93D4C4576368}.Release|x86.ActiveCfg = Release|Any CPU
		{A5E2EF26-8C96-4FF9-BCF6-93D4C4576368}.Release|x86.Build.0 = Release|Any CPU
		{CCE87BC4-8E91-46D1-ADDE-7167E8A91602}.Debug|Any CPU.ActiveCfg = Debug|Any CPU
		{CCE87BC4-8E91-46D1-ADDE-7167E8A91602}.Debug|Any CPU.Build.0 = Debug|Any CPU
		{CCE87BC4-8E91-46D1-ADDE-7167E8A91602}.Debug|x64.ActiveCfg = Debug|Any CPU
		{CCE87BC4-8E91-46D1-ADDE-7167E8A91602}.Debug|x64.Build.0 = Debug|Any CPU
		{CCE87BC4-8E91-46D1-ADDE-7167E8A91602}.Debug|x86.ActiveCfg = Debug|Any CPU
		{CCE87BC4-8E91-46D1-ADDE-7167E8A91602}.Debug|x86.Build.0 = Debug|Any CPU
		{CCE87BC4-8E91-46D1-ADDE-7167E8A91602}.Release|Any CPU.ActiveCfg = Release|Any CPU
		{CCE87BC4-8E91-46D1-ADDE-7167E8A91602}.Release|Any CPU.Build.0 = Release|Any CPU
		{CCE87BC4-8E91-46D1-ADDE-7167E8A91602}.Release|x64.ActiveCfg = Release|Any CPU
		{CCE87BC4-8E91-46D1-ADDE-7167E8A91602}.Release|x64.Build.0 = Release|Any CPU
		{CCE87BC4-8E91-46D1-ADDE-7167E8A91602}.Release|x86.ActiveCfg = Release|Any CPU
		{CCE87BC4-8E91-46D1-ADDE-7167E8A91602}.Release|x86.Build.0 = Release|Any CPU
	EndGlobalSection
	GlobalSection(SolutionProperties) = preSolution
		HideSolutionNode = FALSE
	EndGlobalSection
	GlobalSection(NestedProjects) = preSolution
		{AE3C9B04-0394-4331-A826-0DDB4E780F20} = {A448A018-05F6-3DC2-590F-03434B2FB817}
		{B4873321-8696-4878-A3AD-4D9B8DE8890A} = {A448A018-05F6-3DC2-590F-03434B2FB817}
		{1F092BFD-68D4-4A96-A824-7ADAAFCAABF4} = {BC975CFB-ABB8-60FF-2F68-18ECDE2DB1A1}
		{DF025A88-B6FD-4808-BE04-8298EE885B68} = {BC975CFB-ABB8-60FF-2F68-18ECDE2DB1A1}
		{A5E2EF26-8C96-4FF9-BCF6-93D4C4576368} = {BC975CFB-ABB8-60FF-2F68-18ECDE2DB1A1}
	EndGlobalSection
	GlobalSection(ExtensibilityGlobals) = postSolution
		SolutionGuid = {6A4B0A66-1D88-459D-927C-988B0D2498B3}
	EndGlobalSection
EndGlobal
